# This file is automatically @generated by Cargo.
# It is not intended for manual editing.
version = 4

[[package]]
name = "mobilelm-bench"
version = "0.1.0"
dependencies = [
 "mobilelm-core",
 "mobilelm-litert",
]

[[package]]
name = "mobilelm-core"
version = "0.1.0"

[[package]]
name = "mobilelm-litert"
version = "0.1.0"
dependencies = [
 "mobilelm-core",
]
